
Microsoft Visual Studio Solution File, Format Version 12.00
# Visual Studio Version 17
VisualStudioVersion = 17.5.33424.131
MinimumVisualStudioVersion = 10.0.40219.1
Project("{FAE04EC0-301F-11D3-BF4B-00C04F79EFBC}") = "exam", "exam\exam.csproj", "{2663DDCF-26B7-43AF-82A4-523E4164DAAF}"
EndProject
Global
	GlobalSection(SolutionConfigurationPlatforms) = preSolution
		Debug|Any CPU = Debug|Any CPU
		Release|Any CPU = Release|Any CPU
	EndGlobalSection
	GlobalSection(ProjectConfigurationPlatforms) = postSolution
		{2663DDCF-26B7-43AF-82A4-523E4164DAAF}.Debug|Any CPU.ActiveCfg = Debug|Any CPU
		{2663DDCF-26B7-43AF-82A4-523E4164DAAF}.Debug|Any CPU.Build.0 = Debug|Any CPU
		{2663DDCF-26B7-43AF-82A4-523E4164DAAF}.Release|Any CPU.ActiveCfg = Release|Any CPU
		{2663DDCF-26B7-43AF-82A4-523E4164DAAF}.Release|Any CPU.Build.0 = Release|Any CPU
	EndGlobalSection
	GlobalSection(SolutionProperties) = preSolution
		HideSolutionNode = FALSE
	EndGlobalSection
	GlobalSection(ExtensibilityGlobals) = postSolution
		SolutionGuid = {3AA8CEA7-4160-4943-83A5-0F4D85C6BB6C}
	EndGlobalSection
EndGlobal
